// !$*UTF8*$!
{
	archiveVersion = 1;
	classes = {
	};
	objectVersion = 50;
	objects = {

/* Begin PBXBuildFile section */
		082ADCE92273D2390050950D /* Shape.cpp in Sources */ = {isa = PBXBuildFile; fileRef = 082ADCE82273D2390050950D /* Shape.cpp */; };
		082ADCEB2273D2660050950D /* Circle.cpp in Sources */ = {isa = PBXBuildFile; fileRef = 082ADCEA2273D2660050950D /* Circle.cpp */; };
		082ADCEE2273D2890050950D /* Rectangle.cpp in Sources */ = {isa = PBXBuildFile; fileRef = 082ADCEC2273D2890050950D /* Rectangle.cpp */; };
		082ADCF02273D2DD0050950D /* Triangle.cpp in Sources */ = {isa = PBXBuildFile; fileRef = 082ADCEF2273D2DD0050950D /* Triangle.cpp */; };
		0888E9762272A3A2004436C4 /* assign9.cpp in Sources */ = {isa = PBXBuildFile; fileRef = 0888E9752272A3A2004436C4 /* assign9.cpp */; };
/* End PBXBuildFile section */

/* Begin PBXCopyFilesBuildPhase section */
		0888E9702272A3A2004436C4 /* CopyFiles */ = {
			isa = PBXCopyFilesBuildPhase;
			buildActionMask = 2147483647;
			dstPath = /usr/share/man/man1/;
			dstSubfolderSpec = 0;
			files = (
			);
			runOnlyForDeploymentPostprocessing = 1;
		};
/* End PBXCopyFilesBuildPhase section */

/* Begin PBXFileReference section */
		082ADCE82273D2390050950D /* Shape.cpp */ = {isa = PBXFileReference; lastKnownFileType = sourcecode.cpp.cpp; path = Shape.cpp; sourceTree = "<group>"; };
		082ADCEA2273D2660050950D /* Circle.cpp */ = {isa = PBXFileReference; lastKnownFileType = sourcecode.cpp.cpp; path = Circle.cpp; sourceTree = "<group>"; };
		082ADCEC2273D2890050950D /* Rectangle.cpp */ = {isa = PBXFileReference; lastKnownFileType = sourcecode.cpp.cpp; path = Rectangle.cpp; sourceTree = "<group>"; };
		082ADCEF2273D2DD0050950D /* Triangle.cpp */ = {isa = PBXFileReference; lastKnownFileType = sourcecode.cpp.cpp; path = Triangle.cpp; sourceTree = "<group>"; };
		0888E9722272A3A2004436C4 /* Assignment 9 */ = {isa = PBXFileReference; explicitFileType = "compiled.mach-o.executable"; includeInIndex = 0; path = "Assignment 9"; sourceTree = BUILT_PRODUCTS_DIR; };
		0888E9752272A3A2004436C4 /* assign9.cpp */ = {isa = PBXFileReference; lastKnownFileType = sourcecode.cpp.cpp; path = assign9.cpp; sourceTree = "<group>"; };
		0888E97D2272A449004436C4 /* Shape.h */ = {isa = PBXFileReference; lastKnownFileType = sourcecode.c.h; path = Shape.h; sourceTree = "<group>"; };
		0888E97E2272A9F8004436C4 /* Circle.h */ = {isa = PBXFileReference; lastKnownFileType = sourcecode.c.h; path = Circle.h; sourceTree = "<group>"; };
		0888E97F2272AF3E004436C4 /* Rectangle.h */ = {isa = PBXFileReference; lastKnownFileType = sourcecode.c.h; path = Rectangle.h; sourceTree = "<group>"; };
		0888E9802272AF54004436C4 /* Triangle.h */ = {isa = PBXFileReference; lastKnownFileType = sourcecode.c.h; path = Triangle.h; sourceTree = "<group>"; };
/* End PBXFileReference section */

/* Begin PBXFrameworksBuildPhase section */
		0888E96F2272A3A2004436C4 /* Frameworks */ = {
			isa = PBXFrameworksBuildPhase;
			buildActionMask = 2147483647;
			files = (
			);
			runOnlyForDeploymentPostprocessing = 0;
		};
/* End PBXFrameworksBuildPhase section */

/* Begin PBXGroup section */
		0888E9692272A3A2004436C4 = {
			isa = PBXGroup;
			children = (
				0888E9742272A3A2004436C4 /* Assignment 9 */,
				0888E9732272A3A2004436C4 /* Products */,
			);
			sourceTree = "<group>";
		};
		0888E9732272A3A2004436C4 /* Products */ = {
			isa = PBXGroup;
			children = (
				0888E9722272A3A2004436C4 /* Assignment 9 */,
			);
			name = Products;
			sourceTree = "<group>";
		};
		0888E9742272A3A2004436C4 /* Assignment 9 */ = {
			isa = PBXGroup;
			children = (
				0888E9752272A3A2004436C4 /* assign9.cpp */,
				0888E97D2272A449004436C4 /* Shape.h */,
				082ADCE82273D2390050950D /* Shape.cpp */,
				0888E97E2272A9F8004436C4 /* Circle.h */,
				082ADCEA2273D2660050950D /* Circle.cpp */,
				0888E97F2272AF3E004436C4 /* Rectangle.h */,
				082ADCEC2273D2890050950D /* Rectangle.cpp */,
				0888E9802272AF54004436C4 /* Triangle.h */,
				082ADCEF2273D2DD0050950D /* Triangle.cpp */,
			);
			path = "Assignment 9";
			sourceTree = "<group>";
		};
/* End PBXGroup section */

/* Begin PBXNativeTarget section */
		0888E9712272A3A2004436C4 /* Assignment 9 */ = {
			isa = PBXNativeTarget;
			buildConfigurationList = 0888E9792272A3A2004436C4 /* Build configuration list for PBXNativeTarget "Assignment 9" */;
			buildPhases = (
				0888E96E2272A3A2004436C4 /* Sources */,
				0888E96F2272A3A2004436C4 /* Frameworks */,
				0888E9702272A3A2004436C4 /* CopyFiles */,
			);
			buildRules = (
			);
			dependencies = (
			);
			name = "Assignment 9";
			productName = "Assignment 9";
			productReference = 0888E9722272A3A2004436C4 /* Assignment 9 */;
			productType = "com.apple.product-type.tool";
		};
/* End PBXNativeTarget section */

/* Begin PBXProject section */
		0888E96A2272A3A2004436C4 /* Project object */ = {
			isa = PBXProject;
			attributes = {
				LastUpgradeCheck = 1000;
				ORGANIZATIONNAME = "Sairamasubash Muppalaneni";
				TargetAttributes = {
					0888E9712272A3A2004436C4 = {
						CreatedOnToolsVersion = 10.0;
					};
				};
			};
			buildConfigurationList = 0888E96D2272A3A2004436C4 /* Build configuration list for PBXProject "Assignment 9" */;
			compatibilityVersion = "Xcode 9.3";
			developmentRegion = en;
			hasScannedForEncodings = 0;
			knownRegions = (
				en,
			);
			mainGroup = 0888E9692272A3A2004436C4;
			productRefGroup = 0888E9732272A3A2004436C4 /* Products */;
			projectDirPath = "";
			projectRoot = "";
			targets = (
				0888E9712272A3A2004436C4 /* Assignment 9 */,
			);
		};
/* End PBXProject section */

/* Begin PBXSourcesBuildPhase section */
		0888E96E2272A3A2004436C4 /* Sources */ = {
			isa = PBXSourcesBuildPhase;
			buildActionMask = 2147483647;
			files = (
				0888E9762272A3A2004436C4 /* assign9.cpp in Sources */,
				082ADCEB2273D2660050950D /* Circle.cpp in Sources */,
				082ADCE92273D2390050950D /* Shape.cpp in Sources */,
				082ADCF02273D2DD0050950D /* Triangle.cpp in Sources */,
				082ADCEE2273D2890050950D /* Rectangle.cpp in Sources */,
			);
			runOnlyForDeploymentPostprocessing = 0;
		};
/* End PBXSourcesBuildPhase section */

/* Begin XCBuildConfiguration section */
		0888E9772272A3A2004436C4 /* Debug */ = {
			isa = XCBuildConfiguration;
			buildSettings = {
				ALWAYS_SEARCH_USER_PATHS = NO;
				CLANG_ANALYZER_NONNULL = YES;
				CLANG_ANALYZER_NUMBER_OBJECT_CONVERSION = YES_AGGRESSIVE;
				CLANG_CXX_LANGUAGE_STANDARD = "gnu++14";
				CLANG_CXX_LIBRARY = "libc++";
				CLANG_ENABLE_MODULES = YES;
				CLANG_ENABLE_OBJC_ARC = YES;
				CLANG_ENABLE_OBJC_WEAK = YES;
				CLANG_WARN_BLOCK_CAPTURE_AUTORELEASING = YES;
				CLANG_WARN_BOOL_CONVERSION = YES;
				CLANG_WARN_COMMA = YES;
				CLANG_WARN_CONSTANT_CONVERSION = YES;
				CLANG_WARN_DEPRECATED_OBJC_IMPLEMENTATIONS = YES;
				CLANG_WARN_DIRECT_OBJC_ISA_USAGE = YES_ERROR;
				CLANG_WARN_DOCUMENTATION_COMMENTS = YES;
				CLANG_WARN_EMPTY_BODY = YES;
				CLANG_WARN_ENUM_CONVERSION = YES;
				CLANG_WARN_INFINITE_RECURSION = YES;
				CLANG_WARN_INT_CONVERSION = YES;
				CLANG_WARN_NON_LITERAL_NULL_CONVERSION = YES;
				CLANG_WARN_OBJC_IMPLICIT_RETAIN_SELF = YES;
				CLANG_WARN_OBJC_LITERAL_CONVERSION = YES;
				CLANG_WARN_OBJC_ROOT_CLASS = YES_ERROR;
				CLANG_WARN_RANGE_LOOP_ANALYSIS = YES;
				CLANG_WARN_STRICT_PROTOTYPES = YES;
				CLANG_WARN_SUSPICIOUS_MOVE = YES;
				CLANG_WARN_UNGUARDED_AVAILABILITY = YES_AGGRESSIVE;
				CLANG_WARN_UNREACHABLE_CODE = YES;
				CLANG_WARN__DUPLICATE_METHOD_MATCH = YES;
				CODE_SIGN_IDENTITY = "-";
				COPY_PHASE_STRIP = NO;
				DEBUG_INFORMATION_FORMAT = dwarf;
				ENABLE_STRICT_OBJC_MSGSEND = YES;
				ENABLE_TESTABILITY = YES;
				GCC_C_LANGUAGE_STANDARD = gnu11;
				GCC_DYNAMIC_NO_PIC = NO;
				GCC_NO_COMMON_BLOCKS = YES;
				GCC_OPTIMIZATION_LEVEL = 0;
				GCC_PREPROCESSOR_DEFINITIONS = (
					"DEBUG=1",
					"$(inherited)",
				);
				GCC_WARN_64_TO_32_BIT_CONVERSION = YES;
				GCC_WARN_ABOUT_RETURN_TYPE = YES_ERROR;
				GCC_WARN_UNDECLARED_SELECTOR = YES;
				GCC_WARN_UNINITIALIZED_AUTOS = YES_AGGRESSIVE;
				GCC_WARN_UNUSED_FUNCTION = YES;
				GCC_WARN_UNUSED_VARIABLE = YES;
				MACOSX_DEPLOYMENT_TARGET = 10.13;
				MTL_ENABLE_DEBUG_INFO = INCLUDE_SOURCE;
				MTL_FAST_MATH = YES;
				ONLY_ACTIVE_ARCH = YES;
				SDKROOT = macosx;
			};
			name = Debug;
		};
		0888E9782272A3A2004436C4 /* Release */ = {
			isa = XCBuildConfiguration;
			buildSettings = {
				ALWAYS_SEARCH_USER_PATHS = NO;
				CLANG_ANALYZER_NONNULL = YES;
				CLANG_ANALYZER_NUMBER_OBJECT_CONVERSION = YES_AGGRESSIVE;
				CLANG_CXX_LANGUAGE_STANDARD = "gnu++14";
				CLANG_CXX_LIBRARY = "libc++";
				CLANG_ENABLE_MODULES = YES;
				CLANG_ENABLE_OBJC_ARC = YES;
				CLANG_ENABLE_OBJC_WEAK = YES;
				CLANG_WARN_BLOCK_CAPTURE_AUTORELEASING = YES;
				CLANG_WARN_BOOL_CONVERSION = YES;
				CLANG_WARN_COMMA = YES;
				CLANG_WARN_CONSTANT_CONVERSION = YES;
				CLANG_WARN_DEPRECATED_OBJC_IMPLEMENTATIONS = YES;
				CLANG_WARN_DIRECT_OBJC_ISA_USAGE = YES_ERROR;
				CLANG_WARN_DOCUMENTATION_COMMENTS = YES;
				CLANG_WARN_EMPTY_BODY = YES;
				CLANG_WARN_ENUM_CONVERSION = YES;
				CLANG_WARN_INFINITE_RECURSION = YES;
				CLANG_WARN_INT_CONVERSION = YES;
				CLANG_WARN_NON_LITERAL_NULL_CONVERSION = YES;
				CLANG_WARN_OBJC_IMPLICIT_RETAIN_SELF = YES;
				CLANG_WARN_OBJC_LITERAL_CONVERSION = YES;
				CLANG_WARN_OBJC_ROOT_CLASS = YES_ERROR;
				CLANG_WARN_RANGE_LOOP_ANALYSIS = YES;
				CLANG_WARN_STRICT_PROTOTYPES = YES;
				CLANG_WARN_SUSPICIOUS_MOVE = YES;
				CLANG_WARN_UNGUARDED_AVAILABILITY = YES_AGGRESSIVE;
				CLANG_WARN_UNREACHABLE_CODE = YES;
				CLANG_WARN__DUPLICATE_METHOD_MATCH = YES;
				CODE_SIGN_IDENTITY = "-";
				COPY_PHASE_STRIP = NO;
				DEBUG_INFORMATION_FORMAT = "dwarf-with-dsym";
				ENABLE_NS_ASSERTIONS = NO;
				ENABLE_STRICT_OBJC_MSGSEND = YES;
				GCC_C_LANGUAGE_STANDARD = gnu11;
				GCC_NO_COMMON_BLOCKS = YES;
				GCC_WARN_64_TO_32_BIT_CONVERSION = YES;
				GCC_WARN_ABOUT_RETURN_TYPE = YES_ERROR;
				GCC_WARN_UNDECLARED_SELECTOR = YES;
				GCC_WARN_UNINITIALIZED_AUTOS = YES_AGGRESSIVE;
				GCC_WARN_UNUSED_FUNCTION = YES;
				GCC_WARN_UNUSED_VARIABLE = YES;
				MACOSX_DEPLOYMENT_TARGET = 10.13;
				MTL_ENABLE_DEBUG_INFO = NO;
				MTL_FAST_MATH = YES;
				SDKROOT = macosx;
			};
			name = Release;
		};
		0888E97A2272A3A2004436C4 /* Debug */ = {
			isa = XCBuildConfiguration;
			buildSettings = {
				CODE_SIGN_STYLE = Automatic;
				PRODUCT_NAME = "$(TARGET_NAME)";
			};
			name = Debug;
		};
		0888E97B2272A3A2004436C4 /* Release */ = {
			isa = XCBuildConfiguration;
			buildSettings = {
				CODE_SIGN_STYLE = Automatic;
				PRODUCT_NAME = "$(TARGET_NAME)";
			};
			name = Release;
		};
/* End XCBuildConfiguration section */

/* Begin XCConfigurationList section */
		0888E96D2272A3A2004436C4 /* Build configuration list for PBXProject "Assignment 9" */ = {
			isa = XCConfigurationList;
			buildConfigurations = (
				0888E9772272A3A2004436C4 /* Debug */,
				0888E9782272A3A2004436C4 /* Release */,
			);
			defaultConfigurationIsVisible = 0;
			defaultConfigurationName = Release;
		};
		0888E9792272A3A2004436C4 /* Build configuration list for PBXNativeTarget "Assignment 9" */ = {
			isa = XCConfigurationList;
			buildConfigurations = (
				0888E97A2272A3A2004436C4 /* Debug */,
				0888E97B2272A3A2004436C4 /* Release */,
			);
			defaultConfigurationIsVisible = 0;
			defaultConfigurationName = Release;
		};
/* End XCConfigurationList section */
	};
	rootObject = 0888E96A2272A3A2004436C4 /* Project object */;
}
