// !$*UTF8*$!
{
	archiveVersion = 1;
	classes = {
	};
	objectVersion = 50;
	objects = {

/* Begin PBXBuildFile section */
		0878A6772384E5E300DAF453 /* hTable.cc in Sources */ = {isa = PBXBuildFile; fileRef = 0878A6762384E5E300DAF453 /* hTable.cc */; };
		0878A6812384EE5200DAF453 /* prog9.cc in Sources */ = {isa = PBXBuildFile; fileRef = 0878A67F2384EE5200DAF453 /* prog9.cc */; };
/* End PBXBuildFile section */

/* Begin PBXCopyFilesBuildPhase section */
		0878A6712384E5E300DAF453 /* CopyFiles */ = {
			isa = PBXCopyFilesBuildPhase;
			buildActionMask = 2147483647;
			dstPath = /usr/share/man/man1/;
			dstSubfolderSpec = 0;
			files = (
			);
			runOnlyForDeploymentPostprocessing = 1;
		};
/* End PBXCopyFilesBuildPhase section */

/* Begin PBXFileReference section */
		0878A6732384E5E300DAF453 /* CSCI 340 Assignment 9 */ = {isa = PBXFileReference; explicitFileType = "compiled.mach-o.executable"; includeInIndex = 0; path = "CSCI 340 Assignment 9"; sourceTree = BUILT_PRODUCTS_DIR; };
		0878A6762384E5E300DAF453 /* hTable.cc */ = {isa = PBXFileReference; lastKnownFileType = sourcecode.cpp.cpp; path = hTable.cc; sourceTree = "<group>"; };
		0878A67D2384ECD600DAF453 /* hTable.h */ = {isa = PBXFileReference; lastKnownFileType = sourcecode.c.h; path = hTable.h; sourceTree = "<group>"; };
		0878A67E2384ED3300DAF453 /* Entry.h */ = {isa = PBXFileReference; lastKnownFileType = sourcecode.c.h; path = Entry.h; sourceTree = "<group>"; };
		0878A67F2384EE5200DAF453 /* prog9.cc */ = {isa = PBXFileReference; lastKnownFileType = sourcecode.cpp.cpp; path = prog9.cc; sourceTree = "<group>"; };
		0878A6802384EE5200DAF453 /* prog9.h */ = {isa = PBXFileReference; lastKnownFileType = sourcecode.c.h; path = prog9.h; sourceTree = "<group>"; };
/* End PBXFileReference section */

/* Begin PBXFrameworksBuildPhase section */
		0878A6702384E5E300DAF453 /* Frameworks */ = {
			isa = PBXFrameworksBuildPhase;
			buildActionMask = 2147483647;
			files = (
			);
			runOnlyForDeploymentPostprocessing = 0;
		};
/* End PBXFrameworksBuildPhase section */

/* Begin PBXGroup section */
		0878A66A2384E5E300DAF453 = {
			isa = PBXGroup;
			children = (
				0878A6752384E5E300DAF453 /* CSCI 340 Assignment 9 */,
				0878A6742384E5E300DAF453 /* Products */,
			);
			sourceTree = "<group>";
		};
		0878A6742384E5E300DAF453 /* Products */ = {
			isa = PBXGroup;
			children = (
				0878A6732384E5E300DAF453 /* CSCI 340 Assignment 9 */,
			);
			name = Products;
			sourceTree = "<group>";
		};
		0878A6752384E5E300DAF453 /* CSCI 340 Assignment 9 */ = {
			isa = PBXGroup;
			children = (
				0878A67E2384ED3300DAF453 /* Entry.h */,
				0878A67F2384EE5200DAF453 /* prog9.cc */,
				0878A6802384EE5200DAF453 /* prog9.h */,
				0878A6762384E5E300DAF453 /* hTable.cc */,
				0878A67D2384ECD600DAF453 /* hTable.h */,
			);
			path = "CSCI 340 Assignment 9";
			sourceTree = "<group>";
		};
/* End PBXGroup section */

/* Begin PBXNativeTarget section */
		0878A6722384E5E300DAF453 /* CSCI 340 Assignment 9 */ = {
			isa = PBXNativeTarget;
			buildConfigurationList = 0878A67A2384E5E300DAF453 /* Build configuration list for PBXNativeTarget "CSCI 340 Assignment 9" */;
			buildPhases = (
				0878A66F2384E5E300DAF453 /* Sources */,
				0878A6702384E5E300DAF453 /* Frameworks */,
				0878A6712384E5E300DAF453 /* CopyFiles */,
			);
			buildRules = (
			);
			dependencies = (
			);
			name = "CSCI 340 Assignment 9";
			productName = "CSCI 340 Assignment 9";
			productReference = 0878A6732384E5E300DAF453 /* CSCI 340 Assignment 9 */;
			productType = "com.apple.product-type.tool";
		};
/* End PBXNativeTarget section */

/* Begin PBXProject section */
		0878A66B2384E5E300DAF453 /* Project object */ = {
			isa = PBXProject;
			attributes = {
				LastUpgradeCheck = 1000;
				ORGANIZATIONNAME = "Sairamasubash Muppalaneni";
				TargetAttributes = {
					0878A6722384E5E300DAF453 = {
						CreatedOnToolsVersion = 10.0;
					};
				};
			};
			buildConfigurationList = 0878A66E2384E5E300DAF453 /* Build configuration list for PBXProject "CSCI 340 Assignment 9" */;
			compatibilityVersion = "Xcode 9.3";
			developmentRegion = en;
			hasScannedForEncodings = 0;
			knownRegions = (
				en,
			);
			mainGroup = 0878A66A2384E5E300DAF453;
			productRefGroup = 0878A6742384E5E300DAF453 /* Products */;
			projectDirPath = "";
			projectRoot = "";
			targets = (
				0878A6722384E5E300DAF453 /* CSCI 340 Assignment 9 */,
			);
		};
/* End PBXProject section */

/* Begin PBXSourcesBuildPhase section */
		0878A66F2384E5E300DAF453 /* Sources */ = {
			isa = PBXSourcesBuildPhase;
			buildActionMask = 2147483647;
			files = (
				0878A6772384E5E300DAF453 /* hTable.cc in Sources */,
				0878A6812384EE5200DAF453 /* prog9.cc in Sources */,
			);
			runOnlyForDeploymentPostprocessing = 0;
		};
/* End PBXSourcesBuildPhase section */

/* Begin XCBuildConfiguration section */
		0878A6782384E5E300DAF453 /* Debug */ = {
			isa = XCBuildConfiguration;
			buildSettings = {
				ALWAYS_SEARCH_USER_PATHS = NO;
				CLANG_ANALYZER_NONNULL = YES;
				CLANG_ANALYZER_NUMBER_OBJECT_CONVERSION = YES_AGGRESSIVE;
				CLANG_CXX_LANGUAGE_STANDARD = "gnu++14";
				CLANG_CXX_LIBRARY = "libc++";
				CLANG_ENABLE_MODULES = YES;
				CLANG_ENABLE_OBJC_ARC = YES;
				CLANG_ENABLE_OBJC_WEAK = YES;
				CLANG_WARN_BLOCK_CAPTURE_AUTORELEASING = YES;
				CLANG_WARN_BOOL_CONVERSION = YES;
				CLANG_WARN_COMMA = YES;
				CLANG_WARN_CONSTANT_CONVERSION = YES;
				CLANG_WARN_DEPRECATED_OBJC_IMPLEMENTATIONS = YES;
				CLANG_WARN_DIRECT_OBJC_ISA_USAGE = YES_ERROR;
				CLANG_WARN_DOCUMENTATION_COMMENTS = YES;
				CLANG_WARN_EMPTY_BODY = YES;
				CLANG_WARN_ENUM_CONVERSION = YES;
				CLANG_WARN_INFINITE_RECURSION = YES;
				CLANG_WARN_INT_CONVERSION = YES;
				CLANG_WARN_NON_LITERAL_NULL_CONVERSION = YES;
				CLANG_WARN_OBJC_IMPLICIT_RETAIN_SELF = YES;
				CLANG_WARN_OBJC_LITERAL_CONVERSION = YES;
				CLANG_WARN_OBJC_ROOT_CLASS = YES_ERROR;
				CLANG_WARN_RANGE_LOOP_ANALYSIS = YES;
				CLANG_WARN_STRICT_PROTOTYPES = YES;
				CLANG_WARN_SUSPICIOUS_MOVE = YES;
				CLANG_WARN_UNGUARDED_AVAILABILITY = YES_AGGRESSIVE;
				CLANG_WARN_UNREACHABLE_CODE = YES;
				CLANG_WARN__DUPLICATE_METHOD_MATCH = YES;
				CODE_SIGN_IDENTITY = "-";
				COPY_PHASE_STRIP = NO;
				DEBUG_INFORMATION_FORMAT = dwarf;
				ENABLE_STRICT_OBJC_MSGSEND = YES;
				ENABLE_TESTABILITY = YES;
				GCC_C_LANGUAGE_STANDARD = gnu11;
				GCC_DYNAMIC_NO_PIC = NO;
				GCC_NO_COMMON_BLOCKS = YES;
				GCC_OPTIMIZATION_LEVEL = 0;
				GCC_PREPROCESSOR_DEFINITIONS = (
					"DEBUG=1",
					"$(inherited)",
				);
				GCC_WARN_64_TO_32_BIT_CONVERSION = YES;
				GCC_WARN_ABOUT_RETURN_TYPE = YES_ERROR;
				GCC_WARN_UNDECLARED_SELECTOR = YES;
				GCC_WARN_UNINITIALIZED_AUTOS = YES_AGGRESSIVE;
				GCC_WARN_UNUSED_FUNCTION = YES;
				GCC_WARN_UNUSED_VARIABLE = YES;
				MACOSX_DEPLOYMENT_TARGET = 10.13;
				MTL_ENABLE_DEBUG_INFO = INCLUDE_SOURCE;
				MTL_FAST_MATH = YES;
				ONLY_ACTIVE_ARCH = YES;
				SDKROOT = macosx;
			};
			name = Debug;
		};
		0878A6792384E5E300DAF453 /* Release */ = {
			isa = XCBuildConfiguration;
			buildSettings = {
				ALWAYS_SEARCH_USER_PATHS = NO;
				CLANG_ANALYZER_NONNULL = YES;
				CLANG_ANALYZER_NUMBER_OBJECT_CONVERSION = YES_AGGRESSIVE;
				CLANG_CXX_LANGUAGE_STANDARD = "gnu++14";
				CLANG_CXX_LIBRARY = "libc++";
				CLANG_ENABLE_MODULES = YES;
				CLANG_ENABLE_OBJC_ARC = YES;
				CLANG_ENABLE_OBJC_WEAK = YES;
				CLANG_WARN_BLOCK_CAPTURE_AUTORELEASING = YES;
				CLANG_WARN_BOOL_CONVERSION = YES;
				CLANG_WARN_COMMA = YES;
				CLANG_WARN_CONSTANT_CONVERSION = YES;
				CLANG_WARN_DEPRECATED_OBJC_IMPLEMENTATIONS = YES;
				CLANG_WARN_DIRECT_OBJC_ISA_USAGE = YES_ERROR;
				CLANG_WARN_DOCUMENTATION_COMMENTS = YES;
				CLANG_WARN_EMPTY_BODY = YES;
				CLANG_WARN_ENUM_CONVERSION = YES;
				CLANG_WARN_INFINITE_RECURSION = YES;
				CLANG_WARN_INT_CONVERSION = YES;
				CLANG_WARN_NON_LITERAL_NULL_CONVERSION = YES;
				CLANG_WARN_OBJC_IMPLICIT_RETAIN_SELF = YES;
				CLANG_WARN_OBJC_LITERAL_CONVERSION = YES;
				CLANG_WARN_OBJC_ROOT_CLASS = YES_ERROR;
				CLANG_WARN_RANGE_LOOP_ANALYSIS = YES;
				CLANG_WARN_STRICT_PROTOTYPES = YES;
				CLANG_WARN_SUSPICIOUS_MOVE = YES;
				CLANG_WARN_UNGUARDED_AVAILABILITY = YES_AGGRESSIVE;
				CLANG_WARN_UNREACHABLE_CODE = YES;
				CLANG_WARN__DUPLICATE_METHOD_MATCH = YES;
				CODE_SIGN_IDENTITY = "-";
				COPY_PHASE_STRIP = NO;
				DEBUG_INFORMATION_FORMAT = "dwarf-with-dsym";
				ENABLE_NS_ASSERTIONS = NO;
				ENABLE_STRICT_OBJC_MSGSEND = YES;
				GCC_C_LANGUAGE_STANDARD = gnu11;
				GCC_NO_COMMON_BLOCKS = YES;
				GCC_WARN_64_TO_32_BIT_CONVERSION = YES;
				GCC_WARN_ABOUT_RETURN_TYPE = YES_ERROR;
				GCC_WARN_UNDECLARED_SELECTOR = YES;
				GCC_WARN_UNINITIALIZED_AUTOS = YES_AGGRESSIVE;
				GCC_WARN_UNUSED_FUNCTION = YES;
				GCC_WARN_UNUSED_VARIABLE = YES;
				MACOSX_DEPLOYMENT_TARGET = 10.13;
				MTL_ENABLE_DEBUG_INFO = NO;
				MTL_FAST_MATH = YES;
				SDKROOT = macosx;
			};
			name = Release;
		};
		0878A67B2384E5E300DAF453 /* Debug */ = {
			isa = XCBuildConfiguration;
			buildSettings = {
				CODE_SIGN_STYLE = Automatic;
				PRODUCT_NAME = "$(TARGET_NAME)";
			};
			name = Debug;
		};
		0878A67C2384E5E300DAF453 /* Release */ = {
			isa = XCBuildConfiguration;
			buildSettings = {
				CODE_SIGN_STYLE = Automatic;
				PRODUCT_NAME = "$(TARGET_NAME)";
			};
			name = Release;
		};
/* End XCBuildConfiguration section */

/* Begin XCConfigurationList section */
		0878A66E2384E5E300DAF453 /* Build configuration list for PBXProject "CSCI 340 Assignment 9" */ = {
			isa = XCConfigurationList;
			buildConfigurations = (
				0878A6782384E5E300DAF453 /* Debug */,
				0878A6792384E5E300DAF453 /* Release */,
			);
			defaultConfigurationIsVisible = 0;
			defaultConfigurationName = Release;
		};
		0878A67A2384E5E300DAF453 /* Build configuration list for PBXNativeTarget "CSCI 340 Assignment 9" */ = {
			isa = XCConfigurationList;
			buildConfigurations = (
				0878A67B2384E5E300DAF453 /* Debug */,
				0878A67C2384E5E300DAF453 /* Release */,
			);
			defaultConfigurationIsVisible = 0;
			defaultConfigurationName = Release;
		};
/* End XCConfigurationList section */
	};
	rootObject = 0878A66B2384E5E300DAF453 /* Project object */;
}
